
Microsoft Visual Studio Solution File, Format Version 12.00
# Visual Studio Version 17
VisualStudioVersion = 17.0.31903.59
MinimumVisualStudioVersion = 10.0.40219.1
Project("{2150E333-8FDC-42A3-9474-1A3956D46DE8}") = "src", "src", "{827E0CD3-B72D-47B6-A68D-7590B98EB39B}"
EndProject
Project("{FAE04EC0-301F-11D3-BF4B-00C04F79EFBC}") = "Miniaudio.Net", "src\Miniaudio.Net\Miniaudio.Net.csproj", "{C0855692-D97E-4A6F-ACCA-74E71B724D5B}"
EndProject
Project("{2150E333-8FDC-42A3-9474-1A3956D46DE8}") = "samples", "samples", "{5D20AA90-6969-D8BD-9DCD-8634F4692FDA}"
EndProject
Project("{FAE04EC0-301F-11D3-BF4B-00C04F79EFBC}") = "MiniaudioNet.Sample", "samples\MiniaudioNet.Sample\MiniaudioNet.Sample.csproj", "{9FEFBC77-729D-4A87-A1CD-EFAC31F3ABE4}"
EndProject
Project("{FAE04EC0-301F-11D3-BF4B-00C04F79EFBC}") = "MiniaudioNet.Sample.Sine441", "samples\MiniaudioNet.Sample.Sine441\MiniaudioNet.Sample.Sine441.csproj", "{A742FDF9-DB44-4E72-8B00-4F67CB0821F5}"
EndProject
Project("{FAE04EC0-301F-11D3-BF4B-00C04F79EFBC}") = "MiniaudioNet.Sample.DeviceIO", "samples\MiniaudioNet.Sample.DeviceIO\MiniaudioNet.Sample.DeviceIO.csproj", "{DD2E0EAA-6D46-4E5B-A8BA-18C39992ADC9}"
EndProject
Project("{FAE04EC0-301F-11D3-BF4B-00C04F79EFBC}") = "MiniaudioNet.Sample.EngineControl", "samples\MiniaudioNet.Sample.EngineControl\MiniaudioNet.Sample.EngineControl.csproj", "{1F1289B2-EB26-4106-AB8C-6EE7DB74C8F9}"
EndProject
Project("{FAE04EC0-301F-11D3-BF4B-00C04F79EFBC}") = "MiniaudioNet.Sample.Streaming", "samples\MiniaudioNet.Sample.Streaming\MiniaudioNet.Sample.Streaming.csproj", "{145DB9FB-D13A-4A3C-A0CB-7EE9109D504C}"
EndProject
Project("{2150E333-8FDC-42A3-9474-1A3956D46DE8}") = "tests", "tests", "{0AB3BF05-4346-4AA6-1389-037BE0695223}"
EndProject
Project("{FAE04EC0-301F-11D3-BF4B-00C04F79EFBC}") = "Miniaudio.Net.Tests", "tests\Miniaudio.Net.Tests\Miniaudio.Net.Tests.csproj", "{879264DF-C488-42F1-BEA8-FBDD8CA1F3B6}"
EndProject
Global
	GlobalSection(SolutionConfigurationPlatforms) = preSolution
		Debug|Any CPU = Debug|Any CPU
		Debug|x64 = Debug|x64
		Debug|x86 = Debug|x86
		Release|Any CPU = Release|Any CPU
		Release|x64 = Release|x64
		Release|x86 = Release|x86
	EndGlobalSection
	GlobalSection(ProjectConfigurationPlatforms) = postSolution
		{C0855692-D97E-4A6F-ACCA-74E71B724D5B}.Debug|Any CPU.ActiveCfg = Debug|Any CPU
		{C0855692-D97E-4A6F-ACCA-74E71B724D5B}.Debug|Any CPU.Build.0 = Debug|Any CPU
		{C0855692-D97E-4A6F-ACCA-74E71B724D5B}.Debug|x64.ActiveCfg = Debug|Any CPU
		{C0855692-D97E-4A6F-ACCA-74E71B724D5B}.Debug|x64.Build.0 = Debug|Any CPU
		{C0855692-D97E-4A6F-ACCA-74E71B724D5B}.Debug|x86.ActiveCfg = Debug|Any CPU
		{C0855692-D97E-4A6F-ACCA-74E71B724D5B}.Debug|x86.Build.0 = Debug|Any CPU
		{C0855692-D97E-4A6F-ACCA-74E71B724D5B}.Release|Any CPU.ActiveCfg = Release|Any CPU
		{C0855692-D97E-4A6F-ACCA-74E71B724D5B}.Release|Any CPU.Build.0 = Release|Any CPU
		{C0855692-D97E-4A6F-ACCA-74E71B724D5B}.Release|x64.ActiveCfg = Release|Any CPU
		{C0855692-D97E-4A6F-ACCA-74E71B724D5B}.Release|x64.Build.0 = Release|Any CPU
		{C0855692-D97E-4A6F-ACCA-74E71B724D5B}.Release|x86.ActiveCfg = Release|Any CPU
		{C0855692-D97E-4A6F-ACCA-74E71B724D5B}.Release|x86.Build.0 = Release|Any CPU
		{9FEFBC77-729D-4A87-A1CD-EFAC31F3ABE4}.Debug|Any CPU.ActiveCfg = Debug|Any CPU
		{9FEFBC77-729D-4A87-A1CD-EFAC31F3ABE4}.Debug|Any CPU.Build.0 = Debug|Any CPU
		{9FEFBC77-729D-4A87-A1CD-EFAC31F3ABE4}.Debug|x64.ActiveCfg = Debug|Any CPU
		{9FEFBC77-729D-4A87-A1CD-EFAC31F3ABE4}.Debug|x64.Build.0 = Debug|Any CPU
		{9FEFBC77-729D-4A87-A1CD-EFAC31F3ABE4}.Debug|x86.ActiveCfg = Debug|Any CPU
		{9FEFBC77-729D-4A87-A1CD-EFAC31F3ABE4}.Debug|x86.Build.0 = Debug|Any CPU
		{9FEFBC77-729D-4A87-A1CD-EFAC31F3ABE4}.Release|Any CPU.ActiveCfg = Release|Any CPU
		{9FEFBC77-729D-4A87-A1CD-EFAC31F3ABE4}.Release|Any CPU.Build.0 = Release|Any CPU
		{9FEFBC77-729D-4A87-A1CD-EFAC31F3ABE4}.Release|x64.ActiveCfg = Release|Any CPU
		{9FEFBC77-729D-4A87-A1CD-EFAC31F3ABE4}.Release|x64.Build.0 = Release|Any CPU
		{9FEFBC77-729D-4A87-A1CD-EFAC31F3ABE4}.Release|x86.ActiveCfg = Release|Any CPU
		{9FEFBC77-729D-4A87-A1CD-EFAC31F3ABE4}.Release|x86.Build.0 = Release|Any CPU
		{A742FDF9-DB44-4E72-8B00-4F67CB0821F5}.Debug|Any CPU.ActiveCfg = Debug|Any CPU
		{A742FDF9-DB44-4E72-8B00-4F67CB0821F5}.Debug|Any CPU.Build.0 = Debug|Any CPU
		{A742FDF9-DB44-4E72-8B00-4F67CB0821F5}.Debug|x64.ActiveCfg = Debug|Any CPU
		{A742FDF9-DB44-4E72-8B00-4F67CB0821F5}.Debug|x64.Build.0 = Debug|Any CPU
		{A742FDF9-DB44-4E72-8B00-4F67CB0821F5}.Debug|x86.ActiveCfg = Debug|Any CPU
		{A742FDF9-DB44-4E72-8B00-4F67CB0821F5}.Debug|x86.Build.0 = Debug|Any CPU
		{A742FDF9-DB44-4E72-8B00-4F67CB0821F5}.Release|Any CPU.ActiveCfg = Release|Any CPU
		{A742FDF9-DB44-4E72-8B00-4F67CB0821F5}.Release|Any CPU.Build.0 = Release|Any CPU
		{A742FDF9-DB44-4E72-8B00-4F67CB0821F5}.Release|x64.ActiveCfg = Release|Any CPU
		{A742FDF9-DB44-4E72-8B00-4F67CB0821F5}.Release|x64.Build.0 = Release|Any CPU
		{A742FDF9-DB44-4E72-8B00-4F67CB0821F5}.Release|x86.ActiveCfg = Release|Any CPU
		{A742FDF9-DB44-4E72-8B00-4F67CB0821F5}.Release|x86.Build.0 = Release|Any CPU
		{DD2E0EAA-6D46-4E5B-A8BA-18C39992ADC9}.Debug|Any CPU.ActiveCfg = Debug|Any CPU
		{DD2E0EAA-6D46-4E5B-A8BA-18C39992ADC9}.Debug|Any CPU.Build.0 = Debug|Any CPU
		{DD2E0EAA-6D46-4E5B-A8BA-18C39992ADC9}.Debug|x64.ActiveCfg = Debug|Any CPU
		{DD2E0EAA-6D46-4E5B-A8BA-18C39992ADC9}.Debug|x64.Build.0 = Debug|Any CPU
		{DD2E0EAA-6D46-4E5B-A8BA-18C39992ADC9}.Debug|x86.ActiveCfg = Debug|Any CPU
		{DD2E0EAA-6D46-4E5B-A8BA-18C39992ADC9}.Debug|x86.Build.0 = Debug|Any CPU
		{DD2E0EAA-6D46-4E5B-A8BA-18C39992ADC9}.Release|Any CPU.ActiveCfg = Release|Any CPU
		{DD2E0EAA-6D46-4E5B-A8BA-18C39992ADC9}.Release|Any CPU.Build.0 = Release|Any CPU
		{DD2E0EAA-6D46-4E5B-A8BA-18C39992ADC9}.Release|x64.ActiveCfg = Release|Any CPU
		{DD2E0EAA-6D46-4E5B-A8BA-18C39992ADC9}.Release|x64.Build.0 = Release|Any CPU
		{DD2E0EAA-6D46-4E5B-A8BA-18C39992ADC9}.Release|x86.ActiveCfg = Release|Any CPU
		{DD2E0EAA-6D46-4E5B-A8BA-18C39992ADC9}.Release|x86.Build.0 = Release|Any CPU
		{1F1289B2-EB26-4106-AB8C-6EE7DB74C8F9}.Debug|Any CPU.ActiveCfg = Debug|Any CPU
		{1F1289B2-EB26-4106-AB8C-6EE7DB74C8F9}.Debug|Any CPU.Build.0 = Debug|Any CPU
		{1F1289B2-EB26-4106-AB8C-6EE7DB74C8F9}.Debug|x64.ActiveCfg = Debug|Any CPU
		{1F1289B2-EB26-4106-AB8C-6EE7DB74C8F9}.Debug|x64.Build.0 = Debug|Any CPU
		{1F1289B2-EB26-4106-AB8C-6EE7DB74C8F9}.Debug|x86.ActiveCfg = Debug|Any CPU
		{1F1289B2-EB26-4106-AB8C-6EE7DB74C8F9}.Debug|x86.Build.0 = Debug|Any CPU
		{1F1289B2-EB26-4106-AB8C-6EE7DB74C8F9}.Release|Any CPU.ActiveCfg = Release|Any CPU
		{1F1289B2-EB26-4106-AB8C-6EE7DB74C8F9}.Release|Any CPU.Build.0 = Release|Any CPU
		{1F1289B2-EB26-4106-AB8C-6EE7DB74C8F9}.Release|x64.ActiveCfg = Release|Any CPU
		{1F1289B2-EB26-4106-AB8C-6EE7DB74C8F9}.Release|x64.Build.0 = Release|Any CPU
		{1F1289B2-EB26-4106-AB8C-6EE7DB74C8F9}.Release|x86.ActiveCfg = Release|Any CPU
		{1F1289B2-EB26-4106-AB8C-6EE7DB74C8F9}.Release|x86.Build.0 = Release|Any CPU
		{145DB9FB-D13A-4A3C-A0CB-7EE9109D504C}.Debug|Any CPU.ActiveCfg = Debug|Any CPU
		{145DB9FB-D13A-4A3C-A0CB-7EE9109D504C}.Debug|Any CPU.Build.0 = Debug|Any CPU
		{145DB9FB-D13A-4A3C-A0CB-7EE9109D504C}.Debug|x64.ActiveCfg = Debug|Any CPU
		{145DB9FB-D13A-4A3C-A0CB-7EE9109D504C}.Debug|x64.Build.0 = Debug|Any CPU
		{145DB9FB-D13A-4A3C-A0CB-7EE9109D504C}.Debug|x86.ActiveCfg = Debug|Any CPU
		{145DB9FB-D13A-4A3C-A0CB-7EE9109D504C}.Debug|x86.Build.0 = Debug|Any CPU
		{145DB9FB-D13A-4A3C-A0CB-7EE9109D504C}.Release|Any CPU.ActiveCfg = Release|Any CPU
		{145DB9FB-D13A-4A3C-A0CB-7EE9109D504C}.Release|Any CPU.Build.0 = Release|Any CPU
		{145DB9FB-D13A-4A3C-A0CB-7EE9109D504C}.Release|x64.ActiveCfg = Release|Any CPU
		{145DB9FB-D13A-4A3C-A0CB-7EE9109D504C}.Release|x64.Build.0 = Release|Any CPU
		{145DB9FB-D13A-4A3C-A0CB-7EE9109D504C}.Release|x86.ActiveCfg = Release|Any CPU
		{145DB9FB-D13A-4A3C-A0CB-7EE9109D504C}.Release|x86.Build.0 = Release|Any CPU
		{879264DF-C488-42F1-BEA8-FBDD8CA1F3B6}.Debug|Any CPU.ActiveCfg = Debug|Any CPU
		{879264DF-C488-42F1-BEA8-FBDD8CA1F3B6}.Debug|Any CPU.Build.0 = Debug|Any CPU
		{879264DF-C488-42F1-BEA8-FBDD8CA1F3B6}.Debug|x64.ActiveCfg = Debug|Any CPU
		{879264DF-C488-42F1-BEA8-FBDD8CA1F3B6}.Debug|x64.Build.0 = Debug|Any CPU
		{879264DF-C488-42F1-BEA8-FBDD8CA1F3B6}.Debug|x86.ActiveCfg = Debug|Any CPU
		{879264DF-C488-42F1-BEA8-FBDD8CA1F3B6}.Debug|x86.Build.0 = Debug|Any CPU
		{879264DF-C488-42F1-BEA8-FBDD8CA1F3B6}.Release|Any CPU.ActiveCfg = Release|Any CPU
		{879264DF-C488-42F1-BEA8-FBDD8CA1F3B6}.Release|Any CPU.Build.0 = Release|Any CPU
		{879264DF-C488-42F1-BEA8-FBDD8CA1F3B6}.Release|x64.ActiveCfg = Release|Any CPU
		{879264DF-C488-42F1-BEA8-FBDD8CA1F3B6}.Release|x64.Build.0 = Release|Any CPU
		{879264DF-C488-42F1-BEA8-FBDD8CA1F3B6}.Release|x86.ActiveCfg = Release|Any CPU
		{879264DF-C488-42F1-BEA8-FBDD8CA1F3B6}.Release|x86.Build.0 = Release|Any CPU
	EndGlobalSection
	GlobalSection(SolutionProperties) = preSolution
		HideSolutionNode = FALSE
	EndGlobalSection
	GlobalSection(NestedProjects) = preSolution
		{C0855692-D97E-4A6F-ACCA-74E71B724D5B} = {827E0CD3-B72D-47B6-A68D-7590B98EB39B}
		{9FEFBC77-729D-4A87-A1CD-EFAC31F3ABE4} = {5D20AA90-6969-D8BD-9DCD-8634F4692FDA}
		{A742FDF9-DB44-4E72-8B00-4F67CB0821F5} = {5D20AA90-6969-D8BD-9DCD-8634F4692FDA}
		{DD2E0EAA-6D46-4E5B-A8BA-18C39992ADC9} = {5D20AA90-6969-D8BD-9DCD-8634F4692FDA}
		{1F1289B2-EB26-4106-AB8C-6EE7DB74C8F9} = {5D20AA90-6969-D8BD-9DCD-8634F4692FDA}
		{145DB9FB-D13A-4A3C-A0CB-7EE9109D504C} = {5D20AA90-6969-D8BD-9DCD-8634F4692FDA}
		{879264DF-C488-42F1-BEA8-FBDD8CA1F3B6} = {0AB3BF05-4346-4AA6-1389-037BE0695223}
	EndGlobalSection
EndGlobal
